
Microsoft Visual Studio Solution File, Format Version 12.00
# Visual Studio Version 17
VisualStudioVersion = 17.6.33829.357
MinimumVisualStudioVersion = 10.0.40219.1
Project("{FAE04EC0-301F-11D3-BF4B-00C04F79EFBC}") = "ConsoleApp1", "ConsoleApp1\ConsoleApp1.csproj", "{6DBF5580-AC5D-4EC7-9EFF-B17BAD56E76D}"
EndProject
Global
	GlobalSection(SolutionConfigurationPlatforms) = preSolution
		Debug|Any CPU = Debug|Any CPU
		Release|Any CPU = Release|Any CPU
	EndGlobalSection
	GlobalSection(ProjectConfigurationPlatforms) = postSolution
		{6DBF5580-AC5D-4EC7-9EFF-B17BAD56E76D}.Debug|Any CPU.ActiveCfg = Debug|Any CPU
		{6DBF5580-AC5D-4EC7-9EFF-B17BAD56E76D}.Debug|Any CPU.Build.0 = Debug|Any CPU
		{6DBF5580-AC5D-4EC7-9EFF-B17BAD56E76D}.Release|Any CPU.ActiveCfg = Release|Any CPU
		{6DBF5580-AC5D-4EC7-9EFF-B17BAD56E76D}.Release|Any CPU.Build.0 = Release|Any CPU
	EndGlobalSection
	GlobalSection(SolutionProperties) = preSolution
		HideSolutionNode = FALSE
	EndGlobalSection
	GlobalSection(ExtensibilityGlobals) = postSolution
		SolutionGuid = {5826D0E6-6B4D-4A80-935C-D5035BF43B36}
	EndGlobalSection
EndGlobal
